
Microsoft Visual Studio Solution File, Format Version 12.00
# Visual Studio Version 17
VisualStudioVersion = 17.3.32804.467
MinimumVisualStudioVersion = 10.0.40219.1
Project("{2150E333-8FDC-42A3-9474-1A3956D46DE8}") = "AlgorithmicCoding", "AlgorithmicCoding", "{7A0958E5-C7E4-42E7-A1B8-BDDE8CF40299}"
EndProject
Project("{9A19103F-16F7-4668-BE54-9A1E7A4F7556}") = "MultiplicationAtSpeed", "AlgorithmicCoding\MultiplicationAtSpeed\MultiplicationAtSpeed.csproj", "{E7FE35F9-ABC1-45A8-9079-3CF0782D9CB0}"
EndProject
Project("{2150E333-8FDC-42A3-9474-1A3956D46DE8}") = "AssortedBucket", "AssortedBucket", "{82D35A8F-713E-46C8-83DF-7DE3B479C7F7}"
EndProject
Project("{9A19103F-16F7-4668-BE54-9A1E7A4F7556}") = "SimplePattern", "AssortedBucket\SimplePattern\SimplePattern.csproj", "{4238342F-5A55-418B-9AA0-E9C9A9724A9C}"
EndProject
Project("{2150E333-8FDC-42A3-9474-1A3956D46DE8}") = "Solution Items", "Solution Items", "{CACEC497-8060-47C5-BE16-275B5BB4F8E3}"
	ProjectSection(SolutionItems) = preProject
		..\README.md = ..\README.md
	EndProjectSection
EndProject
Project("{2150E333-8FDC-42A3-9474-1A3956D46DE8}") = "CSharpSpecificTooling", "CSharpSpecificTooling", "{66C25113-2F85-45D4-8467-94EE734BA41F}"
EndProject
Project("{9A19103F-16F7-4668-BE54-9A1E7A4F7556}") = "GettingAClassToUseLinq", "CSharpSpecificTooling\GettingAClassToUseLinq\GettingAClassToUseLinq.csproj", "{F9F1E8AC-F875-4ECD-8372-1A1E13E7A2DC}"
EndProject
Project("{9A19103F-16F7-4668-BE54-9A1E7A4F7556}") = "BasicPassingAMethodIn", "CSharpSpecificTooling\BasicPassingAMethodIn\BasicPassingAMethodIn.csproj", "{D496B8B7-B307-4377-91B5-E6ABD57A3563}"
EndProject
Project("{2150E333-8FDC-42A3-9474-1A3956D46DE8}") = "InDepthChallenges", "InDepthChallenges", "{8675F04A-A560-4DEA-BB8F-AC834B8CE9BF}"
EndProject
Project("{FAE04EC0-301F-11D3-BF4B-00C04F79EFBC}") = "ShipperAndCarrierStructure", "InDepthChallenges\ShipperAndCarrierStructure\ShipperAndCarrierStructure.csproj", "{9138B94A-608F-4A1D-8A93-2ABACFBBA5AD}"
EndProject
Project("{FAE04EC0-301F-11D3-BF4B-00C04F79EFBC}") = "ShipperAndCarrierStructureTests", "InDepthChallenges\ShipperAndCarrierStructureTests\ShipperAndCarrierStructureTests.csproj", "{EFA2560A-9870-4535-BD3A-F6CDBF79C535}"
EndProject
Global
	GlobalSection(SolutionConfigurationPlatforms) = preSolution
		Debug|Any CPU = Debug|Any CPU
		Release|Any CPU = Release|Any CPU
	EndGlobalSection
	GlobalSection(ProjectConfigurationPlatforms) = postSolution
		{E7FE35F9-ABC1-45A8-9079-3CF0782D9CB0}.Debug|Any CPU.ActiveCfg = Debug|Any CPU
		{E7FE35F9-ABC1-45A8-9079-3CF0782D9CB0}.Debug|Any CPU.Build.0 = Debug|Any CPU
		{E7FE35F9-ABC1-45A8-9079-3CF0782D9CB0}.Release|Any CPU.ActiveCfg = Release|Any CPU
		{E7FE35F9-ABC1-45A8-9079-3CF0782D9CB0}.Release|Any CPU.Build.0 = Release|Any CPU
		{4238342F-5A55-418B-9AA0-E9C9A9724A9C}.Debug|Any CPU.ActiveCfg = Debug|Any CPU
		{4238342F-5A55-418B-9AA0-E9C9A9724A9C}.Debug|Any CPU.Build.0 = Debug|Any CPU
		{4238342F-5A55-418B-9AA0-E9C9A9724A9C}.Release|Any CPU.ActiveCfg = Release|Any CPU
		{4238342F-5A55-418B-9AA0-E9C9A9724A9C}.Release|Any CPU.Build.0 = Release|Any CPU
		{F9F1E8AC-F875-4ECD-8372-1A1E13E7A2DC}.Debug|Any CPU.ActiveCfg = Debug|Any CPU
		{F9F1E8AC-F875-4ECD-8372-1A1E13E7A2DC}.Debug|Any CPU.Build.0 = Debug|Any CPU
		{F9F1E8AC-F875-4ECD-8372-1A1E13E7A2DC}.Release|Any CPU.ActiveCfg = Release|Any CPU
		{F9F1E8AC-F875-4ECD-8372-1A1E13E7A2DC}.Release|Any CPU.Build.0 = Release|Any CPU
		{D496B8B7-B307-4377-91B5-E6ABD57A3563}.Debug|Any CPU.ActiveCfg = Debug|Any CPU
		{D496B8B7-B307-4377-91B5-E6ABD57A3563}.Debug|Any CPU.Build.0 = Debug|Any CPU
		{D496B8B7-B307-4377-91B5-E6ABD57A3563}.Release|Any CPU.ActiveCfg = Release|Any CPU
		{D496B8B7-B307-4377-91B5-E6ABD57A3563}.Release|Any CPU.Build.0 = Release|Any CPU
		{9138B94A-608F-4A1D-8A93-2ABACFBBA5AD}.Debug|Any CPU.ActiveCfg = Debug|Any CPU
		{9138B94A-608F-4A1D-8A93-2ABACFBBA5AD}.Debug|Any CPU.Build.0 = Debug|Any CPU
		{9138B94A-608F-4A1D-8A93-2ABACFBBA5AD}.Release|Any CPU.ActiveCfg = Release|Any CPU
		{9138B94A-608F-4A1D-8A93-2ABACFBBA5AD}.Release|Any CPU.Build.0 = Release|Any CPU
		{EFA2560A-9870-4535-BD3A-F6CDBF79C535}.Debug|Any CPU.ActiveCfg = Debug|Any CPU
		{EFA2560A-9870-4535-BD3A-F6CDBF79C535}.Debug|Any CPU.Build.0 = Debug|Any CPU
		{EFA2560A-9870-4535-BD3A-F6CDBF79C535}.Release|Any CPU.ActiveCfg = Release|Any CPU
		{EFA2560A-9870-4535-BD3A-F6CDBF79C535}.Release|Any CPU.Build.0 = Release|Any CPU
	EndGlobalSection
	GlobalSection(SolutionProperties) = preSolution
		HideSolutionNode = FALSE
	EndGlobalSection
	GlobalSection(NestedProjects) = preSolution
		{E7FE35F9-ABC1-45A8-9079-3CF0782D9CB0} = {7A0958E5-C7E4-42E7-A1B8-BDDE8CF40299}
		{4238342F-5A55-418B-9AA0-E9C9A9724A9C} = {82D35A8F-713E-46C8-83DF-7DE3B479C7F7}
		{F9F1E8AC-F875-4ECD-8372-1A1E13E7A2DC} = {66C25113-2F85-45D4-8467-94EE734BA41F}
		{D496B8B7-B307-4377-91B5-E6ABD57A3563} = {66C25113-2F85-45D4-8467-94EE734BA41F}
		{9138B94A-608F-4A1D-8A93-2ABACFBBA5AD} = {8675F04A-A560-4DEA-BB8F-AC834B8CE9BF}
		{EFA2560A-9870-4535-BD3A-F6CDBF79C535} = {8675F04A-A560-4DEA-BB8F-AC834B8CE9BF}
	EndGlobalSection
	GlobalSection(ExtensibilityGlobals) = postSolution
		SolutionGuid = {5277F994-7419-478E-A8B2-F0D6EB1BC5F5}
	EndGlobalSection
EndGlobal
